
Microsoft Visual Studio Solution File, Format Version 12.00
# Visual Studio Version 17
VisualStudioVersion = 17.5.002.0
MinimumVisualStudioVersion = 10.0.40219.1
Project("{9A19103F-16F7-4668-BE54-9A1E7A4F7556}") = "ChainOfResponsibility", "ChainOfResponsibility.csproj", "{6C2E504F-2773-486D-ADF2-C6C43A93F696}"
EndProject
Global
	GlobalSection(SolutionConfigurationPlatforms) = preSolution
		Debug|Any CPU = Debug|Any CPU
		Release|Any CPU = Release|Any CPU
	EndGlobalSection
	GlobalSection(ProjectConfigurationPlatforms) = postSolution
		{6C2E504F-2773-486D-ADF2-C6C43A93F696}.Debug|Any CPU.ActiveCfg = Debug|Any CPU
		{6C2E504F-2773-486D-ADF2-C6C43A93F696}.Debug|Any CPU.Build.0 = Debug|Any CPU
		{6C2E504F-2773-486D-ADF2-C6C43A93F696}.Release|Any CPU.ActiveCfg = Release|Any CPU
		{6C2E504F-2773-486D-ADF2-C6C43A93F696}.Release|Any CPU.Build.0 = Release|Any CPU
	EndGlobalSection
	GlobalSection(SolutionProperties) = preSolution
		HideSolutionNode = FALSE
	EndGlobalSection
	GlobalSection(ExtensibilityGlobals) = postSolution
		SolutionGuid = {7CDAA73F-690F-441C-95E0-1B9FDE3E44DD}
	EndGlobalSection
EndGlobal
